PODS:
  - Alamofire (2.0.2)
  - MBProgressHUD (1.0.0)
  - SnapKit (0.21.1)

DEPENDENCIES:
  - Alamofire (~> 2.0.2)
  - MBProgressHUD
  - SnapKit

SPEC CHECKSUMS:
  Alamofire: 8edbab00802a752bb5240cc2abe70e7e881488ad
  MBProgressHUD: 4890f671c94e8a0f3cf959aa731e9de2f036d71a
  SnapKit: bbad04cb016c7cead63965f16b00c09318d271ee

PODFILE CHECKSUM: 61a06db120f0232f3b80b09ef5a021f16c7ae029

COCOAPODS: 1.0.0
